{
  "name": "numeric-2",
  "lockfileVersion": 3,
  "requires": true,
  "packages": {
    "": {
      "name": "numeric-2",
      "devDependencies": {
        "@types/benchmark": "^2.1.5",
        "@types/bun": "latest",
        "@types/microtime": "^2.1.2",
        "@types/numeric": "^1.2.6",
        "microtime": "^3.1.1",
        "numeric": "^1.2.6",
        "prettier": "^3.3.3",
        "typedoc": "^0.26.5"
      },
      "peerDependencies": {
        "typescript": "^5.0.0"
      }
    },
    "node_modules/@shikijs/core": {
      "version": "1.12.1",
      "dev": true,
      "license": "MIT",
      "dependencies": {
        "@types/hast": "^3.0.4"
      }
    },
    "node_modules/@types/benchmark": {
      "version": "2.1.5",
      "resolved": "https://registry.npmjs.org/@types/benchmark/-/benchmark-2.1.5.tgz",
      "integrity": "sha512-cKio2eFB3v7qmKcvIHLUMw/dIx/8bhWPuzpzRT4unCPRTD8VdA9Zb0afxpcxOqR4PixRS7yT42FqGS8BYL8g1w==",
      "dev": true,
      "license": "MIT"
    },
    "node_modules/@types/bun": {
      "version": "1.1.6",
      "resolved": "https://registry.npmjs.org/@types/bun/-/bun-1.1.6.tgz",
      "integrity": "sha512-uJgKjTdX0GkWEHZzQzFsJkWp5+43ZS7HC8sZPFnOwnSo1AsNl2q9o2bFeS23disNDqbggEgyFkKCHl/w8iZsMA==",
      "dev": true,
      "license": "MIT",
      "dependencies": {
        "bun-types": "1.1.17"
      }
    },
    "node_modules/@types/hast": {
      "version": "3.0.4",
      "dev": true,
      "license": "MIT",
      "dependencies": {
        "@types/unist": "*"
      }
    },
    "node_modules/@types/microtime": {
      "version": "2.1.2",
      "resolved": "https://registry.npmjs.org/@types/microtime/-/microtime-2.1.2.tgz",
      "integrity": "sha512-d5odaV/0jPwfehN1t+y7+TcbGxECQLtl7mVETpMaYA0SnlhyKQKgWPCRetbSJVP7i2Kzx8CuTDgDs2kjS1MCOw==",
      "dev": true,
      "license": "MIT"
    },
    "node_modules/@types/node": {
      "version": "20.12.14",
      "dev": true,
      "license": "MIT",
      "dependencies": {
        "undici-types": "~5.26.4"
      }
    },
    "node_modules/@types/numeric": {
      "version": "1.2.6",
      "resolved": "https://registry.npmjs.org/@types/numeric/-/numeric-1.2.6.tgz",
      "integrity": "sha512-gwEJEbdln8bWuYu//lspka5Hk+CFwFynDrGP2GAdp4sM1XuPbaKsBWmU0qkxHGGxShKjV1bouKTwHmtaQ9O97Q==",
      "dev": true,
      "license": "MIT"
    },
    "node_modules/@types/unist": {
      "version": "3.0.2",
      "dev": true,
      "license": "MIT"
    },
    "node_modules/@types/ws": {
      "version": "8.5.12",
      "dev": true,
      "license": "MIT",
      "dependencies": {
        "@types/node": "*"
      }
    },
    "node_modules/argparse": {
      "version": "2.0.1",
      "dev": true,
      "license": "Python-2.0"
    },
    "node_modules/balanced-match": {
      "version": "1.0.2",
      "dev": true,
      "license": "MIT"
    },
    "node_modules/brace-expansion": {
      "version": "2.0.1",
      "dev": true,
      "license": "MIT",
      "dependencies": {
        "balanced-match": "^1.0.0"
      }
    },
    "node_modules/bun-types": {
      "version": "1.1.17",
      "dev": true,
      "license": "MIT",
      "dependencies": {
        "@types/node": "~20.12.8",
        "@types/ws": "~8.5.10"
      }
    },
    "node_modules/entities": {
      "version": "4.5.0",
      "dev": true,
      "license": "BSD-2-Clause",
      "engines": {
        "node": ">=0.12"
      },
      "funding": {
        "url": "https://github.com/fb55/entities?sponsor=1"
      }
    },
    "node_modules/linkify-it": {
      "version": "5.0.0",
      "dev": true,
      "license": "MIT",
      "dependencies": {
        "uc.micro": "^2.0.0"
      }
    },
    "node_modules/lunr": {
      "version": "2.3.9",
      "dev": true,
      "license": "MIT"
    },
    "node_modules/markdown-it": {
      "version": "14.1.0",
      "dev": true,
      "license": "MIT",
      "dependencies": {
        "argparse": "^2.0.1",
        "entities": "^4.4.0",
        "linkify-it": "^5.0.0",
        "mdurl": "^2.0.0",
        "punycode.js": "^2.3.1",
        "uc.micro": "^2.1.0"
      },
      "bin": {
        "markdown-it": "bin/markdown-it.mjs"
      }
    },
    "node_modules/mdurl": {
      "version": "2.0.0",
      "dev": true,
      "license": "MIT"
    },
    "node_modules/microtime": {
      "version": "3.1.1",
      "dev": true,
      "hasInstallScript": true,
      "license": "MIT",
      "dependencies": {
        "node-addon-api": "^5.0.0",
        "node-gyp-build": "^4.4.0"
      },
      "engines": {
        "node": ">= 14.13.0"
      }
    },
    "node_modules/minimatch": {
      "version": "9.0.5",
      "dev": true,
      "license": "ISC",
      "dependencies": {
        "brace-expansion": "^2.0.1"
      },
      "engines": {
        "node": ">=16 || 14 >=14.17"
      },
      "funding": {
        "url": "https://github.com/sponsors/isaacs"
      }
    },
    "node_modules/node-addon-api": {
      "version": "5.1.0",
      "dev": true,
      "license": "MIT"
    },
    "node_modules/node-gyp-build": {
      "version": "4.8.1",
      "dev": true,
      "license": "MIT",
      "bin": {
        "node-gyp-build": "bin.js",
        "node-gyp-build-optional": "optional.js",
        "node-gyp-build-test": "build-test.js"
      }
    },
    "node_modules/numeric": {
      "version": "1.2.6",
      "dev": true
    },
    "node_modules/prettier": {
      "version": "3.3.3",
      "dev": true,
      "license": "MIT",
      "bin": {
        "prettier": "bin/prettier.cjs"
      },
      "engines": {
        "node": ">=14"
      },
      "funding": {
        "url": "https://github.com/prettier/prettier?sponsor=1"
      }
    },
    "node_modules/punycode.js": {
      "version": "2.3.1",
      "dev": true,
      "license": "MIT",
      "engines": {
        "node": ">=6"
      }
    },
    "node_modules/shiki": {
      "version": "1.12.1",
      "dev": true,
      "license": "MIT",
      "dependencies": {
        "@shikijs/core": "1.12.1",
        "@types/hast": "^3.0.4"
      }
    },
    "node_modules/typedoc": {
      "version": "0.26.5",
      "dev": true,
      "license": "Apache-2.0",
      "dependencies": {
        "lunr": "^2.3.9",
        "markdown-it": "^14.1.0",
        "minimatch": "^9.0.5",
        "shiki": "^1.9.1",
        "yaml": "^2.4.5"
      },
      "bin": {
        "typedoc": "bin/typedoc"
      },
      "engines": {
        "node": ">= 18"
      },
      "peerDependencies": {
        "typescript": "4.6.x || 4.7.x || 4.8.x || 4.9.x || 5.0.x || 5.1.x || 5.2.x || 5.3.x || 5.4.x || 5.5.x"
      }
    },
    "node_modules/typescript": {
      "version": "5.5.4",
      "license": "Apache-2.0",
      "peer": true,
      "bin": {
        "tsc": "bin/tsc",
        "tsserver": "bin/tsserver"
      },
      "engines": {
        "node": ">=14.17"
      }
    },
    "node_modules/uc.micro": {
      "version": "2.1.0",
      "dev": true,
      "license": "MIT"
    },
    "node_modules/undici-types": {
      "version": "5.26.5",
      "dev": true,
      "license": "MIT"
    },
    "node_modules/yaml": {
      "version": "2.5.0",
      "dev": true,
      "license": "ISC",
      "bin": {
        "yaml": "bin.mjs"
      },
      "engines": {
        "node": ">= 14"
      }
    }
  }
}
